Microsoft Visual Studio Solution File, Format Version 12.00
# Visual Studio Version 17
VisualStudioVersion = 17.0.32112.339
MinimumVisualStudioVersion = 10.0.40219.1
Project("{FAE04EC0-301F-11D3-BF4B-00C04F79EFBC}") = "web_links_ORB", "web_links_ORB.csproj", "{0E159336-BF3D-4460-9977-ADF371F03D1B}"
EndProject
Project("{FAE04EC0-301F-11D3-BF4B-00C04F79EFBC}") = "ORB_DLL", "ORB_DLL\ORB_DLL.csproj", "{4E204BD8-0DAD-4D5C-830F-AB00281B6E98}"
EndProject
Global
	GlobalSection(SolutionConfigurationPlatforms) = preSolution
		Debug|Any CPU = Debug|Any CPU
		Debug|x64 = Debug|x64
		Release|Any CPU = Release|Any CPU
		Release|x64 = Release|x64
	EndGlobalSection
	GlobalSection(ProjectConfigurationPlatforms) = postSolution
		{0E159336-BF3D-4460-9977-ADF371F03D1B}.Debug|Any CPU.ActiveCfg = Debug|Any CPU
		{0E159336-BF3D-4460-9977-ADF371F03D1B}.Debug|Any CPU.Build.0 = Debug|Any CPU
		{0E159336-BF3D-4460-9977-ADF371F03D1B}.Debug|x64.ActiveCfg = Debug|Any CPU
		{0E159336-BF3D-4460-9977-ADF371F03D1B}.Debug|x64.Build.0 = Debug|Any CPU
		{0E159336-BF3D-4460-9977-ADF371F03D1B}.Release|Any CPU.ActiveCfg = Release|Any CPU
		{0E159336-BF3D-4460-9977-ADF371F03D1B}.Release|Any CPU.Build.0 = Release|Any CPU
		{0E159336-BF3D-4460-9977-ADF371F03D1B}.Release|x64.ActiveCfg = Release|Any CPU
		{0E159336-BF3D-4460-9977-ADF371F03D1B}.Release|x64.Build.0 = Release|Any CPU
		{4E204BD8-0DAD-4D5C-830F-AB00281B6E98}.Debug|Any CPU.ActiveCfg = Debug|Any CPU
		{4E204BD8-0DAD-4D5C-830F-AB00281B6E98}.Debug|Any CPU.Build.0 = Debug|Any CPU
		{4E204BD8-0DAD-4D5C-830F-AB00281B6E98}.Debug|x64.ActiveCfg = Debug|x64
		{4E204BD8-0DAD-4D5C-830F-AB00281B6E98}.Debug|x64.Build.0 = Debug|x64
		{4E204BD8-0DAD-4D5C-830F-AB00281B6E98}.Release|Any CPU.ActiveCfg = Release|Any CPU
		{4E204BD8-0DAD-4D5C-830F-AB00281B6E98}.Release|Any CPU.Build.0 = Release|Any CPU
		{4E204BD8-0DAD-4D5C-830F-AB00281B6E98}.Release|x64.ActiveCfg = Release|x64
		{4E204BD8-0DAD-4D5C-830F-AB00281B6E98}.Release|x64.Build.0 = Release|x64
	EndGlobalSection
	GlobalSection(SolutionProperties) = preSolution
		HideSolutionNode = FALSE
	EndGlobalSection
	GlobalSection(ExtensibilityGlobals) = postSolution
		SolutionGuid = {3DB6C72A-74BC-4160-8904-5C97500E564D}
	EndGlobalSection
EndGlobal
